{
  "nodes": {
    "nixpkgs": {
      "locked": {
        "lastModified": 1714749348,
        "narHash": "sha256-pZ/2CaiBTNjY6NqxJn+14IF5i7g7j76BVoJmexkayRU=",
        "owner": "nixos",
        "repo": "nixpkgs",
        "rev": "1aae0909b02ffb4d0d4a45db322df7a8c9fdd34e",
        "type": "github"
      },
      "original": {
        "owner": "nixos",
        "ref": "master",
        "repo": "nixpkgs",
        "type": "github"
      }
    },
    "root": {
      "inputs": {
        "nixpkgs": "nixpkgs"
      }
    }
  },
  "root": "root",
  "version": 7
}
