{
  "nodes": {
    "nixpkgs": {
      "locked": {
        "lastModified": 1718616244,
        "narHash": "sha256-FU5eDMBpJsCz2DI1xXtNJ8VS3ywG//pJzJxkHq7AvFo=",
        "owner": "nixos",
        "repo": "nixpkgs",
        "rev": "d1b5c45553e33bd41ce99bfe8d2560d20352c8a8",
        "type": "github"
      },
      "original": {
        "owner": "nixos",
        "ref": "master",
        "repo": "nixpkgs",
        "type": "github"
      }
    },
    "root": {
      "inputs": {
        "nixpkgs": "nixpkgs"
      }
    }
  },
  "root": "root",
  "version": 7
}
